
Microsoft Visual Studio Solution File, Format Version 12.00
# Visual Studio Version 17
VisualStudioVersion = 17.0.31903.59
MinimumVisualStudioVersion = 10.0.40219.1
Project("{FAE04EC0-301F-11D3-BF4B-00C04F79EFBC}") = "ApiBanck", "ApiBanck\ApiBanck.csproj", "{3FE9F0C5-7F35-4AEB-B9E2-C95B56C06105}"
EndProject
Project("{FAE04EC0-301F-11D3-BF4B-00C04F79EFBC}") = "ApiBanck.Tests", "ApiBanck.Tests\ApiBanck.Tests.csproj", "{07C6C710-525D-4BCA-93BF-36DEBDE5D0AB}"
EndProject
Global
	GlobalSection(SolutionConfigurationPlatforms) = preSolution
		Debug|Any CPU = Debug|Any CPU
		Release|Any CPU = Release|Any CPU
	EndGlobalSection
	GlobalSection(SolutionProperties) = preSolution
		HideSolutionNode = FALSE
	EndGlobalSection
	GlobalSection(ProjectConfigurationPlatforms) = postSolution
		{3FE9F0C5-7F35-4AEB-B9E2-C95B56C06105}.Debug|Any CPU.ActiveCfg = Debug|Any CPU
		{3FE9F0C5-7F35-4AEB-B9E2-C95B56C06105}.Debug|Any CPU.Build.0 = Debug|Any CPU
		{3FE9F0C5-7F35-4AEB-B9E2-C95B56C06105}.Release|Any CPU.ActiveCfg = Release|Any CPU
		{3FE9F0C5-7F35-4AEB-B9E2-C95B56C06105}.Release|Any CPU.Build.0 = Release|Any CPU
		{07C6C710-525D-4BCA-93BF-36DEBDE5D0AB}.Debug|Any CPU.ActiveCfg = Debug|Any CPU
		{07C6C710-525D-4BCA-93BF-36DEBDE5D0AB}.Debug|Any CPU.Build.0 = Debug|Any CPU
		{07C6C710-525D-4BCA-93BF-36DEBDE5D0AB}.Release|Any CPU.ActiveCfg = Release|Any CPU
		{07C6C710-525D-4BCA-93BF-36DEBDE5D0AB}.Release|Any CPU.Build.0 = Release|Any CPU
	EndGlobalSection
EndGlobal
